// !$*UTF8*$!
{
	archiveVersion = 1;
	classes = {
	};
	objectVersion = 46;
	objects = {

/* Begin PBXBuildFile section */
		37E8EDD91F3C002A00582333 /* AppDelegate.swift in Sources */ = {isa = PBXBuildFile; fileRef = 37E8EDD81F3C002A00582333 /* AppDelegate.swift */; };
		37E8EDDB1F3C002A00582333 /* ViewController.swift in Sources */ = {isa = PBXBuildFile; fileRef = 37E8EDDA1F3C002A00582333 /* ViewController.swift */; };
		37E8EDDE1F3C002A00582333 /* Main.storyboard in Resources */ = {isa = PBXBuildFile; fileRef = 37E8EDDC1F3C002A00582333 /* Main.storyboard */; };
		37E8EDE01F3C002A00582333 /* Assets.xcassets in Resources */ = {isa = PBXBuildFile; fileRef = 37E8EDDF1F3C002A00582333 /* Assets.xcassets */; };
		37E8EDE31F3C002A00582333 /* LaunchScreen.storyboard in Resources */ = {isa = PBXBuildFile; fileRef = 37E8EDE11F3C002A00582333 /* LaunchScreen.storyboard */; };
		37E8EDEB1F3C056A00582333 /* MapForItinerary.swift in Sources */ = {isa = PBXBuildFile; fileRef = 37E8EDEA1F3C056A00582333 /* MapForItinerary.swift */; };
/* End PBXBuildFile section */

/* Begin PBXFileReference section */
		37E8EDD51F3C002A00582333 /* GitUseExample.app */ = {isa = PBXFileReference; explicitFileType = wrapper.application; includeInIndex = 0; path = GitUseExample.app; sourceTree = BUILT_PRODUCTS_DIR; };
		37E8EDD81F3C002A00582333 /* AppDelegate.swift */ = {isa = PBXFileReference; lastKnownFileType = sourcecode.swift; path = AppDelegate.swift; sourceTree = "<group>"; };
		37E8EDDA1F3C002A00582333 /* ViewController.swift */ = {isa = PBXFileReference; lastKnownFileType = sourcecode.swift; path = ViewController.swift; sourceTree = "<group>"; };
		37E8EDDD1F3C002A00582333 /* Base */ = {isa = PBXFileReference; lastKnownFileType = file.storyboard; name = Base; path = Base.lproj/Main.storyboard; sourceTree = "<group>"; };
		37E8EDDF1F3C002A00582333 /* Assets.xcassets */ = {isa = PBXFileReference; lastKnownFileType = folder.assetcatalog; path = Assets.xcassets; sourceTree = "<group>"; };
		37E8EDE21F3C002A00582333 /* Base */ = {isa = PBXFileReference; lastKnownFileType = file.storyboard; name = Base; path = Base.lproj/LaunchScreen.storyboard; sourceTree = "<group>"; };
		37E8EDE41F3C002A00582333 /* Info.plist */ = {isa = PBXFileReference; lastKnownFileType = text.plist.xml; path = Info.plist; sourceTree = "<group>"; };
		37E8EDEA1F3C056A00582333 /* MapForItinerary.swift */ = {isa = PBXFileReference; fileEncoding = 4; lastKnownFileType = sourcecode.swift; path = MapForItinerary.swift; sourceTree = "<group>"; };
/* End PBXFileReference section */

/* Begin PBXFrameworksBuildPhase section */
		37E8EDD21F3C002A00582333 /* Frameworks */ = {
			isa = PBXFrameworksBuildPhase;
			buildActionMask = 2147483647;
			files = (
			);
			runOnlyForDeploymentPostprocessing = 0;
		};
/* End PBXFrameworksBuildPhase section */

/* Begin PBXGroup section */
		37E8EDCC1F3C002900582333 = {
			isa = PBXGroup;
			children = (
				37E8EDD71F3C002A00582333 /* GitUseExample */,
				37E8EDD61F3C002A00582333 /* Products */,
			);
			sourceTree = "<group>";
		};
		37E8EDD61F3C002A00582333 /* Products */ = {
			isa = PBXGroup;
			children = (
				37E8EDD51F3C002A00582333 /* GitUseExample.app */,
			);
			name = Products;
			sourceTree = "<group>";
		};
		37E8EDD71F3C002A00582333 /* GitUseExample */ = {
			isa = PBXGroup;
			children = (
				37E8EDD81F3C002A00582333 /* AppDelegate.swift */,
				37E8EDDA1F3C002A00582333 /* ViewController.swift */,
				37E8EDEA1F3C056A00582333 /* MapForItinerary.swift */,
				37E8EDDC1F3C002A00582333 /* Main.storyboard */,
				37E8EDDF1F3C002A00582333 /* Assets.xcassets */,
				37E8EDE11F3C002A00582333 /* LaunchScreen.storyboard */,
				37E8EDE41F3C002A00582333 /* Info.plist */,
			);
			path = GitUseExample;
			sourceTree = "<group>";
		};
/* End PBXGroup section */

/* Begin PBXNativeTarget section */
		37E8EDD41F3C002A00582333 /* GitUseExample */ = {
			isa = PBXNativeTarget;
			buildConfigurationList = 37E8EDE71F3C002A00582333 /* Build configuration list for PBXNativeTarget "GitUseExample" */;
			buildPhases = (
				37E8EDD11F3C002A00582333 /* Sources */,
				37E8EDD21F3C002A00582333 /* Frameworks */,
				37E8EDD31F3C002A00582333 /* Resources */,
			);
			buildRules = (
			);
			dependencies = (
			);
			name = GitUseExample;
			productName = GitUseExample;
			productReference = 37E8EDD51F3C002A00582333 /* GitUseExample.app */;
			productType = "com.apple.product-type.application";
		};
/* End PBXNativeTarget section */

/* Begin PBXProject section */
		37E8EDCD1F3C002900582333 /* Project object */ = {
			isa = PBXProject;
			attributes = {
				LastSwiftUpdateCheck = 0830;
				LastUpgradeCheck = 0830;
				ORGANIZATIONNAME = NickHolt;
				TargetAttributes = {
					37E8EDD41F3C002A00582333 = {
						CreatedOnToolsVersion = 8.3.3;
						ProvisioningStyle = Automatic;
					};
				};
			};
			buildConfigurationList = 37E8EDD01F3C002900582333 /* Build configuration list for PBXProject "GitUseExample" */;
			compatibilityVersion = "Xcode 3.2";
			developmentRegion = English;
			hasScannedForEncodings = 0;
			knownRegions = (
				en,
				Base,
			);
			mainGroup = 37E8EDCC1F3C002900582333;
			productRefGroup = 37E8EDD61F3C002A00582333 /* Products */;
			projectDirPath = "";
			projectRoot = "";
			targets = (
				37E8EDD41F3C002A00582333 /* GitUseExample */,
			);
		};
/* End PBXProject section */

/* Begin PBXResourcesBuildPhase section */
		37E8EDD31F3C002A00582333 /* Resources */ = {
			isa = PBXResourcesBuildPhase;
			buildActionMask = 2147483647;
			files = (
				37E8EDE31F3C002A00582333 /* LaunchScreen.storyboard in Resources */,
				37E8EDE01F3C002A00582333 /* Assets.xcassets in Resources */,
				37E8EDDE1F3C002A00582333 /* Main.storyboard in Resources */,
			);
			runOnlyForDeploymentPostprocessing = 0;
		};
/* End PBXResourcesBuildPhase section */

/* Begin PBXSourcesBuildPhase section */
		37E8EDD11F3C002A00582333 /* Sources */ = {
			isa = PBXSourcesBuildPhase;
			buildActionMask = 2147483647;
			files = (
				37E8EDDB1F3C002A00582333 /* ViewController.swift in Sources */,
				37E8EDD91F3C002A00582333 /* AppDelegate.swift in Sources */,
				37E8EDEB1F3C056A00582333 /* MapForItinerary.swift in Sources */,
			);
			runOnlyForDeploymentPostprocessing = 0;
		};
/* End PBXSourcesBuildPhase section */

/* Begin PBXVariantGroup section */
		37E8EDDC1F3C002A00582333 /* Main.storyboard */ = {
			isa = PBXVariantGroup;
			children = (
				37E8EDDD1F3C002A00582333 /* Base */,
			);
			name = Main.storyboard;
			sourceTree = "<group>";
		};
		37E8EDE11F3C002A00582333 /* LaunchScreen.storyboard */ = {
			isa = PBXVariantGroup;
			children = (
				37E8EDE21F3C002A00582333 /* Base */,
			);
			name = LaunchScreen.storyboard;
			sourceTree = "<group>";
		};
/* End PBXVariantGroup section */

/* Begin XCBuildConfiguration section */
		37E8EDE51F3C002A00582333 /* Debug */ = {
			isa = XCBuildConfiguration;
			buildSettings = {
				ALWAYS_SEARCH_USER_PATHS = NO;
				CLANG_ANALYZER_NONNULL = YES;
				CLANG_ANALYZER_NUMBER_OBJECT_CONVERSION = YES_AGGRESSIVE;
				CLANG_CXX_LANGUAGE_STANDARD = "gnu++0x";
				CLANG_CXX_LIBRARY = "libc++";
				CLANG_ENABLE_MODULES = YES;
				CLANG_ENABLE_OBJC_ARC = YES;
				CLANG_WARN_BOOL_CONVERSION = YES;
				CLANG_WARN_CONSTANT_CONVERSION = YES;
				CLANG_WARN_DIRECT_OBJC_ISA_USAGE = YES_ERROR;
				CLANG_WARN_DOCUMENTATION_COMMENTS = YES;
				CLANG_WARN_EMPTY_BODY = YES;
				CLANG_WARN_ENUM_CONVERSION = YES;
				CLANG_WARN_INFINITE_RECURSION = YES;
				CLANG_WARN_INT_CONVERSION = YES;
				CLANG_WARN_OBJC_ROOT_CLASS = YES_ERROR;
				CLANG_WARN_SUSPICIOUS_MOVE = YES;
				CLANG_WARN_UNREACHABLE_CODE = YES;
				CLANG_WARN__DUPLICATE_METHOD_MATCH = YES;
				"CODE_SIGN_IDENTITY[sdk=iphoneos*]" = "iPhone Developer";
				COPY_PHASE_STRIP = NO;
				DEBUG_INFORMATION_FORMAT = dwarf;
				ENABLE_STRICT_OBJC_MSGSEND = YES;
				ENABLE_TESTABILITY = YES;
				GCC_C_LANGUAGE_STANDARD = gnu99;
				GCC_DYNAMIC_NO_PIC = NO;
				GCC_NO_COMMON_BLOCKS = YES;
				GCC_OPTIMIZATION_LEVEL = 0;
				GCC_PREPROCESSOR_DEFINITIONS = (
					"DEBUG=1",
					"$(inherited)",
				);
				GCC_WARN_64_TO_32_BIT_CONVERSION = YES;
				GCC_WARN_ABOUT_RETURN_TYPE = YES_ERROR;
				GCC_WARN_UNDECLARED_SELECTOR = YES;
				GCC_WARN_UNINITIALIZED_AUTOS = YES_AGGRESSIVE;
				GCC_WARN_UNUSED_FUNCTION = YES;
				GCC_WARN_UNUSED_VARIABLE = YES;
				IPHONEOS_DEPLOYMENT_TARGET = 10.3;
				MTL_ENABLE_DEBUG_INFO = YES;
				ONLY_ACTIVE_ARCH = YES;
				SDKROOT = iphoneos;
				SWIFT_ACTIVE_COMPILATION_CONDITIONS = DEBUG;
				SWIFT_OPTIMIZATION_LEVEL = "-Onone";
			};
			name = Debug;
		};
		37E8EDE61F3C002A00582333 /* Release */ = {
			isa = XCBuildConfiguration;
			buildSettings = {
				ALWAYS_SEARCH_USER_PATHS = NO;
				CLANG_ANALYZER_NONNULL = YES;
				CLANG_ANALYZER_NUMBER_OBJECT_CONVERSION = YES_AGGRESSIVE;
				CLANG_CXX_LANGUAGE_STANDARD = "gnu++0x";
				CLANG_CXX_LIBRARY = "libc++";
				CLANG_ENABLE_MODULES = YES;
				CLANG_ENABLE_OBJC_ARC = YES;
				CLANG_WARN_BOOL_CONVERSION = YES;
				CLANG_WARN_CONSTANT_CONVERSION = YES;
				CLANG_WARN_DIRECT_OBJC_ISA_USAGE = YES_ERROR;
				CLANG_WARN_DOCUMENTATION_COMMENTS = YES;
				CLANG_WARN_EMPTY_BODY = YES;
				CLANG_WARN_ENUM_CONVERSION = YES;
				CLANG_WARN_INFINITE_RECURSION = YES;
				CLANG_WARN_INT_CONVERSION = YES;
				CLANG_WARN_OBJC_ROOT_CLASS = YES_ERROR;
				CLANG_WARN_SUSPICIOUS_MOVE = YES;
				CLANG_WARN_UNREACHABLE_CODE = YES;
				CLANG_WARN__DUPLICATE_METHOD_MATCH = YES;
				"CODE_SIGN_IDENTITY[sdk=iphoneos*]" = "iPhone Developer";
				COPY_PHASE_STRIP = NO;
				DEBUG_INFORMATION_FORMAT = "dwarf-with-dsym";
				ENABLE_NS_ASSERTIONS = NO;
				ENABLE_STRICT_OBJC_MSGSEND = YES;
				GCC_C_LANGUAGE_STANDARD = gnu99;
				GCC_NO_COMMON_BLOCKS = YES;
				GCC_WARN_64_TO_32_BIT_CONVERSION = YES;
				GCC_WARN_ABOUT_RETURN_TYPE = YES_ERROR;
				GCC_WARN_UNDECLARED_SELECTOR = YES;
				GCC_WARN_UNINITIALIZED_AUTOS = YES_AGGRESSIVE;
				GCC_WARN_UNUSED_FUNCTION = YES;
				GCC_WARN_UNUSED_VARIABLE = YES;
				IPHONEOS_DEPLOYMENT_TARGET = 10.3;
				MTL_ENABLE_DEBUG_INFO = NO;
				SDKROOT = iphoneos;
				SWIFT_OPTIMIZATION_LEVEL = "-Owholemodule";
				VALIDATE_PRODUCT = YES;
			};
			name = Release;
		};
		37E8EDE81F3C002A00582333 /* Debug */ = {
			isa = XCBuildConfiguration;
			buildSettings = {
				ASSETCATALOG_COMPILER_APPICON_NAME = AppIcon;
				INFOPLIST_FILE = GitUseExample/Info.plist;
				LD_RUNPATH_SEARCH_PATHS = "$(inherited) @executable_path/Frameworks";
				PRODUCT_BUNDLE_IDENTIFIER = com.NickHolt.GitUseExample;
				PRODUCT_NAME = "$(TARGET_NAME)";
				SWIFT_VERSION = 3.0;
			};
			name = Debug;
		};
		37E8EDE91F3C002A00582333 /* Release */ = {
			isa = XCBuildConfiguration;
			buildSettings = {
				ASSETCATALOG_COMPILER_APPICON_NAME = AppIcon;
				INFOPLIST_FILE = GitUseExample/Info.plist;
				LD_RUNPATH_SEARCH_PATHS = "$(inherited) @executable_path/Frameworks";
				PRODUCT_BUNDLE_IDENTIFIER = com.NickHolt.GitUseExample;
				PRODUCT_NAME = "$(TARGET_NAME)";
				SWIFT_VERSION = 3.0;
			};
			name = Release;
		};
/* End XCBuildConfiguration section */

/* Begin XCConfigurationList section */
		37E8EDD01F3C002900582333 /* Build configuration list for PBXProject "GitUseExample" */ = {
			isa = XCConfigurationList;
			buildConfigurations = (
				37E8EDE51F3C002A00582333 /* Debug */,
				37E8EDE61F3C002A00582333 /* Release */,
			);
			defaultConfigurationIsVisible = 0;
			defaultConfigurationName = Release;
		};
		37E8EDE71F3C002A00582333 /* Build configuration list for PBXNativeTarget "GitUseExample" */ = {
			isa = XCConfigurationList;
			buildConfigurations = (
				37E8EDE81F3C002A00582333 /* Debug */,
				37E8EDE91F3C002A00582333 /* Release */,
			);
			defaultConfigurationIsVisible = 0;
		};
/* End XCConfigurationList section */
	};
	rootObject = 37E8EDCD1F3C002900582333 /* Project object */;
}
